{
  "name": "@dreamer2q/skillhub",
  "version": "0.1.0",
  "lockfileVersion": 3,
  "requires": true,
  "packages": {
    "": {
      "name": "@dreamer2q/skillhub",
      "version": "0.1.0",
      "license": "UNLICENSED",
      "bin": {
        "skillhub": "bin/skillhub.mjs"
      },
      "engines": {
        "node": ">=22"
      }
    }
  }
}
